// !$*UTF8*$!
{
	archiveVersion = 1;
	classes = {
	};
	objectVersion = 56;
	objects = {

/* Begin PBXBuildFile section */
		ED100D5A2A03E7830006B857 /* SnsrViewerApp.swift in Sources */ = {isa = PBXBuildFile; fileRef = ED100D592A03E7830006B857 /* SnsrViewerApp.swift */; };
		ED100D5C2A03E7830006B857 /* ContentView.swift in Sources */ = {isa = PBXBuildFile; fileRef = ED100D5B2A03E7830006B857 /* ContentView.swift */; };
		ED100D5E2A03E7870006B857 /* Assets.xcassets in Resources */ = {isa = PBXBuildFile; fileRef = ED100D5D2A03E7870006B857 /* Assets.xcassets */; };
		ED100D612A03E7870006B857 /* Preview Assets.xcassets in Resources */ = {isa = PBXBuildFile; fileRef = ED100D602A03E7870006B857 /* Preview Assets.xcassets */; };
		ED100D6A2A03EC6B0006B857 /* SensorListView.swift in Sources */ = {isa = PBXBuildFile; fileRef = ED100D692A03EC6B0006B857 /* SensorListView.swift */; };
		ED100D6D2A03ECD50006B857 /* SensorCellView.swift in Sources */ = {isa = PBXBuildFile; fileRef = ED100D6C2A03ECD50006B857 /* SensorCellView.swift */; };
		ED100D6F2A03F22D0006B857 /* SensorDetailsView.swift in Sources */ = {isa = PBXBuildFile; fileRef = ED100D6E2A03F22D0006B857 /* SensorDetailsView.swift */; };
		ED100D762A0431100006B857 /* View+Extensions.swift in Sources */ = {isa = PBXBuildFile; fileRef = ED100D752A0431100006B857 /* View+Extensions.swift */; };
		ED100D7C2A097ADA0006B857 /* SnsrWebApi in Frameworks */ = {isa = PBXBuildFile; productRef = ED100D7B2A097ADA0006B857 /* SnsrWebApi */; };
		ED100D7E2A097B060006B857 /* SensorListStore.swift in Sources */ = {isa = PBXBuildFile; fileRef = ED100D7D2A097B060006B857 /* SensorListStore.swift */; };
		ED100D802A097C1A0006B857 /* SensorListActionCreator.swift in Sources */ = {isa = PBXBuildFile; fileRef = ED100D7F2A097C1A0006B857 /* SensorListActionCreator.swift */; };
		ED100D832A0980020006B857 /* SWAPICore in Frameworks */ = {isa = PBXBuildFile; productRef = ED100D822A0980020006B857 /* SWAPICore */; };
		ED100D852A09805D0006B857 /* AppDispatcher.swift in Sources */ = {isa = PBXBuildFile; fileRef = ED100D842A09805D0006B857 /* AppDispatcher.swift */; };
		ED100D872A0987320006B857 /* SensorCellStore.swift in Sources */ = {isa = PBXBuildFile; fileRef = ED100D862A0987320006B857 /* SensorCellStore.swift */; };
		ED100D8B2A098E330006B857 /* SensorDetailsStore.swift in Sources */ = {isa = PBXBuildFile; fileRef = ED100D8A2A098E330006B857 /* SensorDetailsStore.swift */; };
		ED100D8D2A09925E0006B857 /* SensorDetailsActionCreator.swift in Sources */ = {isa = PBXBuildFile; fileRef = ED100D8C2A09925E0006B857 /* SensorDetailsActionCreator.swift */; };
		ED100D8F2A0995CE0006B857 /* Date+Extensions.swift in Sources */ = {isa = PBXBuildFile; fileRef = ED100D8E2A0995CE0006B857 /* Date+Extensions.swift */; };
		ED100D932A0A53AC0006B857 /* RoundedRectangle+Extensions.swift in Sources */ = {isa = PBXBuildFile; fileRef = ED100D922A0A53AC0006B857 /* RoundedRectangle+Extensions.swift */; };
		ED100D962A0A54C30006B857 /* ViewState.swift in Sources */ = {isa = PBXBuildFile; fileRef = ED100D952A0A54C30006B857 /* ViewState.swift */; };
		ED100D982A0A68C80006B857 /* CacheService.swift in Sources */ = {isa = PBXBuildFile; fileRef = ED100D972A0A68C80006B857 /* CacheService.swift */; };
/* End PBXBuildFile section */

/* Begin PBXFileReference section */
		ED100D562A03E7830006B857 /* SnsrViewer.app */ = {isa = PBXFileReference; explicitFileType = wrapper.application; includeInIndex = 0; path = SnsrViewer.app; sourceTree = BUILT_PRODUCTS_DIR; };
		ED100D592A03E7830006B857 /* SnsrViewerApp.swift */ = {isa = PBXFileReference; lastKnownFileType = sourcecode.swift; path = SnsrViewerApp.swift; sourceTree = "<group>"; };
		ED100D5B2A03E7830006B857 /* ContentView.swift */ = {isa = PBXFileReference; lastKnownFileType = sourcecode.swift; path = ContentView.swift; sourceTree = "<group>"; };
		ED100D5D2A03E7870006B857 /* Assets.xcassets */ = {isa = PBXFileReference; lastKnownFileType = folder.assetcatalog; path = Assets.xcassets; sourceTree = "<group>"; };
		ED100D602A03E7870006B857 /* Preview Assets.xcassets */ = {isa = PBXFileReference; lastKnownFileType = folder.assetcatalog; path = "Preview Assets.xcassets"; sourceTree = "<group>"; };
		ED100D692A03EC6B0006B857 /* SensorListView.swift */ = {isa = PBXFileReference; lastKnownFileType = sourcecode.swift; path = SensorListView.swift; sourceTree = "<group>"; };
		ED100D6C2A03ECD50006B857 /* SensorCellView.swift */ = {isa = PBXFileReference; lastKnownFileType = sourcecode.swift; path = SensorCellView.swift; sourceTree = "<group>"; };
		ED100D6E2A03F22D0006B857 /* SensorDetailsView.swift */ = {isa = PBXFileReference; lastKnownFileType = sourcecode.swift; path = SensorDetailsView.swift; sourceTree = "<group>"; };
		ED100D752A0431100006B857 /* View+Extensions.swift */ = {isa = PBXFileReference; lastKnownFileType = sourcecode.swift; path = "View+Extensions.swift"; sourceTree = "<group>"; };
		ED100D7D2A097B060006B857 /* SensorListStore.swift */ = {isa = PBXFileReference; lastKnownFileType = sourcecode.swift; path = SensorListStore.swift; sourceTree = "<group>"; };
		ED100D7F2A097C1A0006B857 /* SensorListActionCreator.swift */ = {isa = PBXFileReference; lastKnownFileType = sourcecode.swift; path = SensorListActionCreator.swift; sourceTree = "<group>"; };
		ED100D842A09805D0006B857 /* AppDispatcher.swift */ = {isa = PBXFileReference; lastKnownFileType = sourcecode.swift; path = AppDispatcher.swift; sourceTree = "<group>"; };
		ED100D862A0987320006B857 /* SensorCellStore.swift */ = {isa = PBXFileReference; lastKnownFileType = sourcecode.swift; path = SensorCellStore.swift; sourceTree = "<group>"; };
		ED100D8A2A098E330006B857 /* SensorDetailsStore.swift */ = {isa = PBXFileReference; lastKnownFileType = sourcecode.swift; path = SensorDetailsStore.swift; sourceTree = "<group>"; };
		ED100D8C2A09925E0006B857 /* SensorDetailsActionCreator.swift */ = {isa = PBXFileReference; lastKnownFileType = sourcecode.swift; path = SensorDetailsActionCreator.swift; sourceTree = "<group>"; };
		ED100D8E2A0995CE0006B857 /* Date+Extensions.swift */ = {isa = PBXFileReference; lastKnownFileType = sourcecode.swift; path = "Date+Extensions.swift"; sourceTree = "<group>"; };
		ED100D912A09AA740006B857 /* SnsrWebApi */ = {isa = PBXFileReference; lastKnownFileType = wrapper; name = SnsrWebApi; path = ../SnsrWebApi; sourceTree = "<group>"; };
		ED100D922A0A53AC0006B857 /* RoundedRectangle+Extensions.swift */ = {isa = PBXFileReference; lastKnownFileType = sourcecode.swift; path = "RoundedRectangle+Extensions.swift"; sourceTree = "<group>"; };
		ED100D952A0A54C30006B857 /* ViewState.swift */ = {isa = PBXFileReference; lastKnownFileType = sourcecode.swift; path = ViewState.swift; sourceTree = "<group>"; };
		ED100D972A0A68C80006B857 /* CacheService.swift */ = {isa = PBXFileReference; lastKnownFileType = sourcecode.swift; path = CacheService.swift; sourceTree = "<group>"; };
/* End PBXFileReference section */

/* Begin PBXFrameworksBuildPhase section */
		ED100D532A03E7830006B857 /* Frameworks */ = {
			isa = PBXFrameworksBuildPhase;
			buildActionMask = 2147483647;
			files = (
				ED100D832A0980020006B857 /* SWAPICore in Frameworks */,
				ED100D7C2A097ADA0006B857 /* SnsrWebApi in Frameworks */,
			);
			runOnlyForDeploymentPostprocessing = 0;
		};
/* End PBXFrameworksBuildPhase section */

/* Begin PBXGroup section */
		ED100D4D2A03E7830006B857 = {
			isa = PBXGroup;
			children = (
				ED100D912A09AA740006B857 /* SnsrWebApi */,
				ED100D582A03E7830006B857 /* SnsrViewer */,
				ED100D572A03E7830006B857 /* Products */,
			);
			sourceTree = "<group>";
		};
		ED100D572A03E7830006B857 /* Products */ = {
			isa = PBXGroup;
			children = (
				ED100D562A03E7830006B857 /* SnsrViewer.app */,
			);
			name = Products;
			sourceTree = "<group>";
		};
		ED100D582A03E7830006B857 /* SnsrViewer */ = {
			isa = PBXGroup;
			children = (
				ED100D942A0A54B70006B857 /* Shared */,
				ED100D742A0431020006B857 /* Utils */,
				ED100D682A03E9DA0006B857 /* SensorDetails */,
				ED100D672A03E9B60006B857 /* SensorList */,
				ED100D592A03E7830006B857 /* SnsrViewerApp.swift */,
				ED100D5B2A03E7830006B857 /* ContentView.swift */,
				ED100D5D2A03E7870006B857 /* Assets.xcassets */,
				ED100D5F2A03E7870006B857 /* Preview Content */,
				ED100D842A09805D0006B857 /* AppDispatcher.swift */,
			);
			path = SnsrViewer;
			sourceTree = "<group>";
		};
		ED100D5F2A03E7870006B857 /* Preview Content */ = {
			isa = PBXGroup;
			children = (
				ED100D602A03E7870006B857 /* Preview Assets.xcassets */,
			);
			path = "Preview Content";
			sourceTree = "<group>";
		};
		ED100D672A03E9B60006B857 /* SensorList */ = {
			isa = PBXGroup;
			children = (
				ED100D6B2A03ECBC0006B857 /* SensorCell */,
				ED100D692A03EC6B0006B857 /* SensorListView.swift */,
				ED100D7D2A097B060006B857 /* SensorListStore.swift */,
				ED100D7F2A097C1A0006B857 /* SensorListActionCreator.swift */,
			);
			path = SensorList;
			sourceTree = "<group>";
		};
		ED100D682A03E9DA0006B857 /* SensorDetails */ = {
			isa = PBXGroup;
			children = (
				ED100D8A2A098E330006B857 /* SensorDetailsStore.swift */,
				ED100D8C2A09925E0006B857 /* SensorDetailsActionCreator.swift */,
				ED100D6E2A03F22D0006B857 /* SensorDetailsView.swift */,
			);
			path = SensorDetails;
			sourceTree = "<group>";
		};
		ED100D6B2A03ECBC0006B857 /* SensorCell */ = {
			isa = PBXGroup;
			children = (
				ED100D6C2A03ECD50006B857 /* SensorCellView.swift */,
				ED100D862A0987320006B857 /* SensorCellStore.swift */,
			);
			path = SensorCell;
			sourceTree = "<group>";
		};
		ED100D742A0431020006B857 /* Utils */ = {
			isa = PBXGroup;
			children = (
				ED100D752A0431100006B857 /* View+Extensions.swift */,
				ED100D8E2A0995CE0006B857 /* Date+Extensions.swift */,
				ED100D922A0A53AC0006B857 /* RoundedRectangle+Extensions.swift */,
			);
			path = Utils;
			sourceTree = "<group>";
		};
		ED100D942A0A54B70006B857 /* Shared */ = {
			isa = PBXGroup;
			children = (
				ED100D952A0A54C30006B857 /* ViewState.swift */,
				ED100D972A0A68C80006B857 /* CacheService.swift */,
			);
			path = Shared;
			sourceTree = "<group>";
		};
/* End PBXGroup section */

/* Begin PBXNativeTarget section */
		ED100D552A03E7830006B857 /* SnsrViewer */ = {
			isa = PBXNativeTarget;
			buildConfigurationList = ED100D642A03E7870006B857 /* Build configuration list for PBXNativeTarget "SnsrViewer" */;
			buildPhases = (
				ED100D522A03E7830006B857 /* Sources */,
				ED100D532A03E7830006B857 /* Frameworks */,
				ED100D542A03E7830006B857 /* Resources */,
			);
			buildRules = (
			);
			dependencies = (
			);
			name = SnsrViewer;
			packageProductDependencies = (
				ED100D7B2A097ADA0006B857 /* SnsrWebApi */,
				ED100D822A0980020006B857 /* SWAPICore */,
			);
			productName = SnsrViewer;
			productReference = ED100D562A03E7830006B857 /* SnsrViewer.app */;
			productType = "com.apple.product-type.application";
		};
/* End PBXNativeTarget section */

/* Begin PBXProject section */
		ED100D4E2A03E7830006B857 /* Project object */ = {
			isa = PBXProject;
			attributes = {
				BuildIndependentTargetsInParallel = 1;
				LastSwiftUpdateCheck = 1420;
				LastUpgradeCheck = 1420;
				TargetAttributes = {
					ED100D552A03E7830006B857 = {
						CreatedOnToolsVersion = 14.2;
					};
				};
			};
			buildConfigurationList = ED100D512A03E7830006B857 /* Build configuration list for PBXProject "SnsrViewer" */;
			compatibilityVersion = "Xcode 14.0";
			developmentRegion = en;
			hasScannedForEncodings = 0;
			knownRegions = (
				en,
				Base,
			);
			mainGroup = ED100D4D2A03E7830006B857;
			packageReferences = (
				ED100D7A2A097ADA0006B857 /* XCRemoteSwiftPackageReference "SnsrWebApi" */,
				ED100D812A0980020006B857 /* XCRemoteSwiftPackageReference "SWAPICore" */,
			);
			productRefGroup = ED100D572A03E7830006B857 /* Products */;
			projectDirPath = "";
			projectRoot = "";
			targets = (
				ED100D552A03E7830006B857 /* SnsrViewer */,
			);
		};
/* End PBXProject section */

/* Begin PBXResourcesBuildPhase section */
		ED100D542A03E7830006B857 /* Resources */ = {
			isa = PBXResourcesBuildPhase;
			buildActionMask = 2147483647;
			files = (
				ED100D612A03E7870006B857 /* Preview Assets.xcassets in Resources */,
				ED100D5E2A03E7870006B857 /* Assets.xcassets in Resources */,
			);
			runOnlyForDeploymentPostprocessing = 0;
		};
/* End PBXResourcesBuildPhase section */

/* Begin PBXSourcesBuildPhase section */
		ED100D522A03E7830006B857 /* Sources */ = {
			isa = PBXSourcesBuildPhase;
			buildActionMask = 2147483647;
			files = (
				ED100D6D2A03ECD50006B857 /* SensorCellView.swift in Sources */,
				ED100D8D2A09925E0006B857 /* SensorDetailsActionCreator.swift in Sources */,
				ED100D982A0A68C80006B857 /* CacheService.swift in Sources */,
				ED100D962A0A54C30006B857 /* ViewState.swift in Sources */,
				ED100D932A0A53AC0006B857 /* RoundedRectangle+Extensions.swift in Sources */,
				ED100D5C2A03E7830006B857 /* ContentView.swift in Sources */,
				ED100D5A2A03E7830006B857 /* SnsrViewerApp.swift in Sources */,
				ED100D762A0431100006B857 /* View+Extensions.swift in Sources */,
				ED100D8B2A098E330006B857 /* SensorDetailsStore.swift in Sources */,
				ED100D7E2A097B060006B857 /* SensorListStore.swift in Sources */,
				ED100D6A2A03EC6B0006B857 /* SensorListView.swift in Sources */,
				ED100D8F2A0995CE0006B857 /* Date+Extensions.swift in Sources */,
				ED100D872A0987320006B857 /* SensorCellStore.swift in Sources */,
				ED100D6F2A03F22D0006B857 /* SensorDetailsView.swift in Sources */,
				ED100D802A097C1A0006B857 /* SensorListActionCreator.swift in Sources */,
				ED100D852A09805D0006B857 /* AppDispatcher.swift in Sources */,
			);
			runOnlyForDeploymentPostprocessing = 0;
		};
/* End PBXSourcesBuildPhase section */

/* Begin XCBuildConfiguration section */
		ED100D622A03E7870006B857 /* Debug */ = {
			isa = XCBuildConfiguration;
			buildSettings = {
				ALWAYS_SEARCH_USER_PATHS = NO;
				CLANG_ANALYZER_NONNULL = YES;
				CLANG_ANALYZER_NUMBER_OBJECT_CONVERSION = YES_AGGRESSIVE;
				CLANG_CXX_LANGUAGE_STANDARD = "gnu++20";
				CLANG_ENABLE_MODULES = YES;
				CLANG_ENABLE_OBJC_ARC = YES;
				CLANG_ENABLE_OBJC_WEAK = YES;
				CLANG_WARN_BLOCK_CAPTURE_AUTORELEASING = YES;
				CLANG_WARN_BOOL_CONVERSION = YES;
				CLANG_WARN_COMMA = YES;
				CLANG_WARN_CONSTANT_CONVERSION = YES;
				CLANG_WARN_DEPRECATED_OBJC_IMPLEMENTATIONS = YES;
				CLANG_WARN_DIRECT_OBJC_ISA_USAGE = YES_ERROR;
				CLANG_WARN_DOCUMENTATION_COMMENTS = YES;
				CLANG_WARN_EMPTY_BODY = YES;
				CLANG_WARN_ENUM_CONVERSION = YES;
				CLANG_WARN_INFINITE_RECURSION = YES;
				CLANG_WARN_INT_CONVERSION = YES;
				CLANG_WARN_NON_LITERAL_NULL_CONVERSION = YES;
				CLANG_WARN_OBJC_IMPLICIT_RETAIN_SELF = YES;
				CLANG_WARN_OBJC_LITERAL_CONVERSION = YES;
				CLANG_WARN_OBJC_ROOT_CLASS = YES_ERROR;
				CLANG_WARN_QUOTED_INCLUDE_IN_FRAMEWORK_HEADER = YES;
				CLANG_WARN_RANGE_LOOP_ANALYSIS = YES;
				CLANG_WARN_STRICT_PROTOTYPES = YES;
				CLANG_WARN_SUSPICIOUS_MOVE = YES;
				CLANG_WARN_UNGUARDED_AVAILABILITY = YES_AGGRESSIVE;
				CLANG_WARN_UNREACHABLE_CODE = YES;
				CLANG_WARN__DUPLICATE_METHOD_MATCH = YES;
				COPY_PHASE_STRIP = NO;
				DEBUG_INFORMATION_FORMAT = dwarf;
				ENABLE_STRICT_OBJC_MSGSEND = YES;
				ENABLE_TESTABILITY = YES;
				GCC_C_LANGUAGE_STANDARD = gnu11;
				GCC_DYNAMIC_NO_PIC = NO;
				GCC_NO_COMMON_BLOCKS = YES;
				GCC_OPTIMIZATION_LEVEL = 0;
				GCC_PREPROCESSOR_DEFINITIONS = (
					"DEBUG=1",
					"$(inherited)",
				);
				GCC_WARN_64_TO_32_BIT_CONVERSION = YES;
				GCC_WARN_ABOUT_RETURN_TYPE = YES_ERROR;
				GCC_WARN_UNDECLARED_SELECTOR = YES;
				GCC_WARN_UNINITIALIZED_AUTOS = YES_AGGRESSIVE;
				GCC_WARN_UNUSED_FUNCTION = YES;
				GCC_WARN_UNUSED_VARIABLE = YES;
				IPHONEOS_DEPLOYMENT_TARGET = 16.2;
				MTL_ENABLE_DEBUG_INFO = INCLUDE_SOURCE;
				MTL_FAST_MATH = YES;
				ONLY_ACTIVE_ARCH = YES;
				SDKROOT = iphoneos;
				SWIFT_ACTIVE_COMPILATION_CONDITIONS = DEBUG;
				SWIFT_OPTIMIZATION_LEVEL = "-Onone";
			};
			name = Debug;
		};
		ED100D632A03E7870006B857 /* Release */ = {
			isa = XCBuildConfiguration;
			buildSettings = {
				ALWAYS_SEARCH_USER_PATHS = NO;
				CLANG_ANALYZER_NONNULL = YES;
				CLANG_ANALYZER_NUMBER_OBJECT_CONVERSION = YES_AGGRESSIVE;
				CLANG_CXX_LANGUAGE_STANDARD = "gnu++20";
				CLANG_ENABLE_MODULES = YES;
				CLANG_ENABLE_OBJC_ARC = YES;
				CLANG_ENABLE_OBJC_WEAK = YES;
				CLANG_WARN_BLOCK_CAPTURE_AUTORELEASING = YES;
				CLANG_WARN_BOOL_CONVERSION = YES;
				CLANG_WARN_COMMA = YES;
				CLANG_WARN_CONSTANT_CONVERSION = YES;
				CLANG_WARN_DEPRECATED_OBJC_IMPLEMENTATIONS = YES;
				CLANG_WARN_DIRECT_OBJC_ISA_USAGE = YES_ERROR;
				CLANG_WARN_DOCUMENTATION_COMMENTS = YES;
				CLANG_WARN_EMPTY_BODY = YES;
				CLANG_WARN_ENUM_CONVERSION = YES;
				CLANG_WARN_INFINITE_RECURSION = YES;
				CLANG_WARN_INT_CONVERSION = YES;
				CLANG_WARN_NON_LITERAL_NULL_CONVERSION = YES;
				CLANG_WARN_OBJC_IMPLICIT_RETAIN_SELF = YES;
				CLANG_WARN_OBJC_LITERAL_CONVERSION = YES;
				CLANG_WARN_OBJC_ROOT_CLASS = YES_ERROR;
				CLANG_WARN_QUOTED_INCLUDE_IN_FRAMEWORK_HEADER = YES;
				CLANG_WARN_RANGE_LOOP_ANALYSIS = YES;
				CLANG_WARN_STRICT_PROTOTYPES = YES;
				CLANG_WARN_SUSPICIOUS_MOVE = YES;
				CLANG_WARN_UNGUARDED_AVAILABILITY = YES_AGGRESSIVE;
				CLANG_WARN_UNREACHABLE_CODE = YES;
				CLANG_WARN__DUPLICATE_METHOD_MATCH = YES;
				COPY_PHASE_STRIP = NO;
				DEBUG_INFORMATION_FORMAT = "dwarf-with-dsym";
				ENABLE_NS_ASSERTIONS = NO;
				ENABLE_STRICT_OBJC_MSGSEND = YES;
				GCC_C_LANGUAGE_STANDARD = gnu11;
				GCC_NO_COMMON_BLOCKS = YES;
				GCC_WARN_64_TO_32_BIT_CONVERSION = YES;
				GCC_WARN_ABOUT_RETURN_TYPE = YES_ERROR;
				GCC_WARN_UNDECLARED_SELECTOR = YES;
				GCC_WARN_UNINITIALIZED_AUTOS = YES_AGGRESSIVE;
				GCC_WARN_UNUSED_FUNCTION = YES;
				GCC_WARN_UNUSED_VARIABLE = YES;
				IPHONEOS_DEPLOYMENT_TARGET = 16.2;
				MTL_ENABLE_DEBUG_INFO = NO;
				MTL_FAST_MATH = YES;
				SDKROOT = iphoneos;
				SWIFT_COMPILATION_MODE = wholemodule;
				SWIFT_OPTIMIZATION_LEVEL = "-O";
				VALIDATE_PRODUCT = YES;
			};
			name = Release;
		};
		ED100D652A03E7870006B857 /* Debug */ = {
			isa = XCBuildConfiguration;
			buildSettings = {
				ASSETCATALOG_COMPILER_APPICON_NAME = AppIcon;
				ASSETCATALOG_COMPILER_GLOBAL_ACCENT_COLOR_NAME = AccentColor;
				CODE_SIGN_STYLE = Automatic;
				CURRENT_PROJECT_VERSION = 1;
				DEVELOPMENT_ASSET_PATHS = "\"SnsrViewer/Preview Content\"";
				DEVELOPMENT_TEAM = PY9TWBV6RF;
				ENABLE_PREVIEWS = YES;
				GENERATE_INFOPLIST_FILE = YES;
				INFOPLIST_KEY_UIApplicationSceneManifest_Generation = YES;
				INFOPLIST_KEY_UIApplicationSupportsIndirectInputEvents = YES;
				INFOPLIST_KEY_UILaunchScreen_Generation = YES;
				INFOPLIST_KEY_UISupportedInterfaceOrientations_iPad = "UIInterfaceOrientationPortrait UIInterfaceOrientationPortraitUpsideDown UIInterfaceOrientationLandscapeLeft UIInterfaceOrientationLandscapeRight";
				INFOPLIST_KEY_UISupportedInterfaceOrientations_iPhone = "UIInterfaceOrientationPortrait UIInterfaceOrientationLandscapeLeft UIInterfaceOrientationLandscapeRight";
				LD_RUNPATH_SEARCH_PATHS = (
					"$(inherited)",
					"@executable_path/Frameworks",
				);
				MARKETING_VERSION = 1.0;
				PRODUCT_BUNDLE_IDENTIFIER = ownTeam.SnsrViewer;
				PRODUCT_NAME = "$(TARGET_NAME)";
				SWIFT_EMIT_LOC_STRINGS = YES;
				SWIFT_VERSION = 5.0;
				TARGETED_DEVICE_FAMILY = "1,2";
			};
			name = Debug;
		};
		ED100D662A03E7870006B857 /* Release */ = {
			isa = XCBuildConfiguration;
			buildSettings = {
				ASSETCATALOG_COMPILER_APPICON_NAME = AppIcon;
				ASSETCATALOG_COMPILER_GLOBAL_ACCENT_COLOR_NAME = AccentColor;
				CODE_SIGN_STYLE = Automatic;
				CURRENT_PROJECT_VERSION = 1;
				DEVELOPMENT_ASSET_PATHS = "\"SnsrViewer/Preview Content\"";
				DEVELOPMENT_TEAM = PY9TWBV6RF;
				ENABLE_PREVIEWS = YES;
				GENERATE_INFOPLIST_FILE = YES;
				INFOPLIST_KEY_UIApplicationSceneManifest_Generation = YES;
				INFOPLIST_KEY_UIApplicationSupportsIndirectInputEvents = YES;
				INFOPLIST_KEY_UILaunchScreen_Generation = YES;
				INFOPLIST_KEY_UISupportedInterfaceOrientations_iPad = "UIInterfaceOrientationPortrait UIInterfaceOrientationPortraitUpsideDown UIInterfaceOrientationLandscapeLeft UIInterfaceOrientationLandscapeRight";
				INFOPLIST_KEY_UISupportedInterfaceOrientations_iPhone = "UIInterfaceOrientationPortrait UIInterfaceOrientationLandscapeLeft UIInterfaceOrientationLandscapeRight";
				LD_RUNPATH_SEARCH_PATHS = (
					"$(inherited)",
					"@executable_path/Frameworks",
				);
				MARKETING_VERSION = 1.0;
				PRODUCT_BUNDLE_IDENTIFIER = ownTeam.SnsrViewer;
				PRODUCT_NAME = "$(TARGET_NAME)";
				SWIFT_EMIT_LOC_STRINGS = YES;
				SWIFT_VERSION = 5.0;
				TARGETED_DEVICE_FAMILY = "1,2";
			};
			name = Release;
		};
/* End XCBuildConfiguration section */

/* Begin XCConfigurationList section */
		ED100D512A03E7830006B857 /* Build configuration list for PBXProject "SnsrViewer" */ = {
			isa = XCConfigurationList;
			buildConfigurations = (
				ED100D622A03E7870006B857 /* Debug */,
				ED100D632A03E7870006B857 /* Release */,
			);
			defaultConfigurationIsVisible = 0;
			defaultConfigurationName = Release;
		};
		ED100D642A03E7870006B857 /* Build configuration list for PBXNativeTarget "SnsrViewer" */ = {
			isa = XCConfigurationList;
			buildConfigurations = (
				ED100D652A03E7870006B857 /* Debug */,
				ED100D662A03E7870006B857 /* Release */,
			);
			defaultConfigurationIsVisible = 0;
			defaultConfigurationName = Release;
		};
/* End XCConfigurationList section */

/* Begin XCRemoteSwiftPackageReference section */
		ED100D7A2A097ADA0006B857 /* XCRemoteSwiftPackageReference "SnsrWebApi" */ = {
			isa = XCRemoteSwiftPackageReference;
			repositoryURL = "https://github.com/mivafoxy/SnsrWebApi.git";
			requirement = {
				branch = main;
				kind = branch;
			};
		};
		ED100D812A0980020006B857 /* XCRemoteSwiftPackageReference "SWAPICore" */ = {
			isa = XCRemoteSwiftPackageReference;
			repositoryURL = "https://github.com/mivafoxy/SWAPICore.git";
			requirement = {
				branch = FourthHomework;
				kind = branch;
			};
		};
/* End XCRemoteSwiftPackageReference section */

/* Begin XCSwiftPackageProductDependency section */
		ED100D7B2A097ADA0006B857 /* SnsrWebApi */ = {
			isa = XCSwiftPackageProductDependency;
			package = ED100D7A2A097ADA0006B857 /* XCRemoteSwiftPackageReference "SnsrWebApi" */;
			productName = SnsrWebApi;
		};
		ED100D822A0980020006B857 /* SWAPICore */ = {
			isa = XCSwiftPackageProductDependency;
			package = ED100D812A0980020006B857 /* XCRemoteSwiftPackageReference "SWAPICore" */;
			productName = SWAPICore;
		};
/* End XCSwiftPackageProductDependency section */
	};
	rootObject = ED100D4E2A03E7830006B857 /* Project object */;
}
